
Microsoft Visual Studio Solution File, Format Version 12.00
# Visual Studio Version 17
VisualStudioVersion = 17.0.31912.275
MinimumVisualStudioVersion = 10.0.40219.1
Project("{2150E333-8FDC-42A3-9474-1A3956D46DE8}") = "SolutionItems", "SolutionItems", "{FCEB713C-B3A8-40B7-8265-9DE8E4E2ADDE}"
	ProjectSection(SolutionItems) = preProject
		Directory.Build.props = Directory.Build.props
		Licence.txt = Licence.txt
		LogMessages.xsd = LogMessages.xsd
		PeachtreeBus.nuspec = PeachtreeBus.nuspec
		PeachtreeBus.SimpleInjector.nuspec = PeachtreeBus.SimpleInjector.nuspec
		README.md = README.md
		WhatsOld.md = WhatsOld.md
	EndProjectSection
EndProject
Project("{00D1A9C2-B5F0-4AF3-8072-F6C62B433612}") = "PeachtreeBus.Database", "PeachtreeBus.Database\PeachtreeBus.Database.sqlproj", "{F702DCFC-9C33-425E-AE7D-84F340A75EC8}"
EndProject
Project("{9A19103F-16F7-4668-BE54-9A1E7A4F7556}") = "PeachtreeBus.Interfaces", "PeachtreeBus.Interfaces\PeachtreeBus.Interfaces.csproj", "{383C5A0E-1714-4CE7-BFF9-E224B855E719}"
EndProject
Project("{9A19103F-16F7-4668-BE54-9A1E7A4F7556}") = "PeachtreeBus.Example", "PeachtreeBus.Example\PeachtreeBus.Example.csproj", "{9D70D32B-B56E-42C9-A8B5-A92A783429F3}"
EndProject
Project("{9A19103F-16F7-4668-BE54-9A1E7A4F7556}") = "PeachtreeBus", "PeachtreeBus\PeachtreeBus.csproj", "{E325B56C-E129-4357-9EFC-3A432D73D041}"
EndProject
Project("{9A19103F-16F7-4668-BE54-9A1E7A4F7556}") = "PeachtreeBus.DatabaseSharing", "PeachtreeBus.DatabaseSharing\PeachtreeBus.DatabaseSharing.csproj", "{436FF017-8591-40FE-9FFE-9234C37772C2}"
EndProject
Project("{9A19103F-16F7-4668-BE54-9A1E7A4F7556}") = "PeachtreeBus.SimpleInjector", "PeachtreeBus.SimpleInjector\PeachtreeBus.SimpleInjector.csproj", "{E229642E-90EA-4296-A586-0B25A08DCCC0}"
EndProject
Project("{9A19103F-16F7-4668-BE54-9A1E7A4F7556}") = "PeachtreeBus.Services", "PeachtreeBus.Services\PeachtreeBus.Services.csproj", "{EA51B235-1EC7-4576-B941-68549A7412D6}"
EndProject
Project("{00D1A9C2-B5F0-4AF3-8072-F6C62B433612}") = "PeachtreeBus.Example.Database", "PeachtreeBus.Example.Database\PeachtreeBus.Example.Database.sqlproj", "{7F6A3911-A90A-4EA3-8B70-E0838191FACC}"
EndProject
Project("{9A19103F-16F7-4668-BE54-9A1E7A4F7556}") = "Peachtreebus.Tests", "Peachtreebus.Tests\Peachtreebus.Tests.csproj", "{E3CE7D00-B9A8-4D84-8887-DDA47FA72B47}"
EndProject
Project("{9A19103F-16F7-4668-BE54-9A1E7A4F7556}") = "PeachtreeBus.DataAccessTests", "PeachtreeBus.DataAccessTests\PeachtreeBus.DataAccessTests.csproj", "{19E44B3A-DC79-4901-898E-740D65F59200}"
EndProject
Project("{2150E333-8FDC-42A3-9474-1A3956D46DE8}") = "Docs", "Docs", "{DE1CE708-C0BC-4849-B7C7-A6AEFC7096BA}"
	ProjectSection(SolutionItems) = preProject
		Docs\README.md = Docs\README.md
	EndProjectSection
EndProject
Project("{9A19103F-16F7-4668-BE54-9A1E7A4F7556}") = "PeachtreeBus.DatabaseSharing.Tests", "PeachtreeBus.DatabaseSharing.Tests\PeachtreeBus.DatabaseSharing.Tests.csproj", "{CF2D1C04-78BD-406F-9BB7-70ED8D6216CB}"
EndProject
Global
	GlobalSection(SolutionConfigurationPlatforms) = preSolution
		Debug|Any CPU = Debug|Any CPU
		Nuget|Any CPU = Nuget|Any CPU
		Release|Any CPU = Release|Any CPU
	EndGlobalSection
	GlobalSection(ProjectConfigurationPlatforms) = postSolution
		{F702DCFC-9C33-425E-AE7D-84F340A75EC8}.Debug|Any CPU.ActiveCfg = Debug|Any CPU
		{F702DCFC-9C33-425E-AE7D-84F340A75EC8}.Debug|Any CPU.Build.0 = Debug|Any CPU
		{F702DCFC-9C33-425E-AE7D-84F340A75EC8}.Debug|Any CPU.Deploy.0 = Debug|Any CPU
		{F702DCFC-9C33-425E-AE7D-84F340A75EC8}.Nuget|Any CPU.ActiveCfg = Release|Any CPU
		{F702DCFC-9C33-425E-AE7D-84F340A75EC8}.Nuget|Any CPU.Deploy.0 = Release|Any CPU
		{F702DCFC-9C33-425E-AE7D-84F340A75EC8}.Release|Any CPU.ActiveCfg = Release|Any CPU
		{F702DCFC-9C33-425E-AE7D-84F340A75EC8}.Release|Any CPU.Build.0 = Release|Any CPU
		{F702DCFC-9C33-425E-AE7D-84F340A75EC8}.Release|Any CPU.Deploy.0 = Release|Any CPU
		{383C5A0E-1714-4CE7-BFF9-E224B855E719}.Debug|Any CPU.ActiveCfg = Debug|Any CPU
		{383C5A0E-1714-4CE7-BFF9-E224B855E719}.Debug|Any CPU.Build.0 = Debug|Any CPU
		{383C5A0E-1714-4CE7-BFF9-E224B855E719}.Nuget|Any CPU.ActiveCfg = Release|Any CPU
		{383C5A0E-1714-4CE7-BFF9-E224B855E719}.Nuget|Any CPU.Build.0 = Release|Any CPU
		{383C5A0E-1714-4CE7-BFF9-E224B855E719}.Release|Any CPU.ActiveCfg = Release|Any CPU
		{383C5A0E-1714-4CE7-BFF9-E224B855E719}.Release|Any CPU.Build.0 = Release|Any CPU
		{9D70D32B-B56E-42C9-A8B5-A92A783429F3}.Debug|Any CPU.ActiveCfg = Debug|Any CPU
		{9D70D32B-B56E-42C9-A8B5-A92A783429F3}.Debug|Any CPU.Build.0 = Debug|Any CPU
		{9D70D32B-B56E-42C9-A8B5-A92A783429F3}.Nuget|Any CPU.ActiveCfg = Release|Any CPU
		{9D70D32B-B56E-42C9-A8B5-A92A783429F3}.Release|Any CPU.ActiveCfg = Release|Any CPU
		{9D70D32B-B56E-42C9-A8B5-A92A783429F3}.Release|Any CPU.Build.0 = Release|Any CPU
		{E325B56C-E129-4357-9EFC-3A432D73D041}.Debug|Any CPU.ActiveCfg = Debug|Any CPU
		{E325B56C-E129-4357-9EFC-3A432D73D041}.Debug|Any CPU.Build.0 = Debug|Any CPU
		{E325B56C-E129-4357-9EFC-3A432D73D041}.Nuget|Any CPU.ActiveCfg = Release|Any CPU
		{E325B56C-E129-4357-9EFC-3A432D73D041}.Nuget|Any CPU.Build.0 = Release|Any CPU
		{E325B56C-E129-4357-9EFC-3A432D73D041}.Release|Any CPU.ActiveCfg = Release|Any CPU
		{E325B56C-E129-4357-9EFC-3A432D73D041}.Release|Any CPU.Build.0 = Release|Any CPU
		{436FF017-8591-40FE-9FFE-9234C37772C2}.Debug|Any CPU.ActiveCfg = Debug|Any CPU
		{436FF017-8591-40FE-9FFE-9234C37772C2}.Debug|Any CPU.Build.0 = Debug|Any CPU
		{436FF017-8591-40FE-9FFE-9234C37772C2}.Nuget|Any CPU.ActiveCfg = Release|Any CPU
		{436FF017-8591-40FE-9FFE-9234C37772C2}.Nuget|Any CPU.Build.0 = Release|Any CPU
		{436FF017-8591-40FE-9FFE-9234C37772C2}.Release|Any CPU.ActiveCfg = Release|Any CPU
		{436FF017-8591-40FE-9FFE-9234C37772C2}.Release|Any CPU.Build.0 = Release|Any CPU
		{E229642E-90EA-4296-A586-0B25A08DCCC0}.Debug|Any CPU.ActiveCfg = Debug|Any CPU
		{E229642E-90EA-4296-A586-0B25A08DCCC0}.Debug|Any CPU.Build.0 = Debug|Any CPU
		{E229642E-90EA-4296-A586-0B25A08DCCC0}.Nuget|Any CPU.ActiveCfg = Release|Any CPU
		{E229642E-90EA-4296-A586-0B25A08DCCC0}.Nuget|Any CPU.Build.0 = Release|Any CPU
		{E229642E-90EA-4296-A586-0B25A08DCCC0}.Release|Any CPU.ActiveCfg = Release|Any CPU
		{E229642E-90EA-4296-A586-0B25A08DCCC0}.Release|Any CPU.Build.0 = Release|Any CPU
		{EA51B235-1EC7-4576-B941-68549A7412D6}.Debug|Any CPU.ActiveCfg = Debug|Any CPU
		{EA51B235-1EC7-4576-B941-68549A7412D6}.Debug|Any CPU.Build.0 = Debug|Any CPU
		{EA51B235-1EC7-4576-B941-68549A7412D6}.Nuget|Any CPU.ActiveCfg = Release|Any CPU
		{EA51B235-1EC7-4576-B941-68549A7412D6}.Nuget|Any CPU.Build.0 = Release|Any CPU
		{EA51B235-1EC7-4576-B941-68549A7412D6}.Release|Any CPU.ActiveCfg = Release|Any CPU
		{EA51B235-1EC7-4576-B941-68549A7412D6}.Release|Any CPU.Build.0 = Release|Any CPU
		{7F6A3911-A90A-4EA3-8B70-E0838191FACC}.Debug|Any CPU.ActiveCfg = Debug|Any CPU
		{7F6A3911-A90A-4EA3-8B70-E0838191FACC}.Debug|Any CPU.Build.0 = Debug|Any CPU
		{7F6A3911-A90A-4EA3-8B70-E0838191FACC}.Debug|Any CPU.Deploy.0 = Debug|Any CPU
		{7F6A3911-A90A-4EA3-8B70-E0838191FACC}.Nuget|Any CPU.ActiveCfg = Release|Any CPU
		{7F6A3911-A90A-4EA3-8B70-E0838191FACC}.Nuget|Any CPU.Deploy.0 = Release|Any CPU
		{7F6A3911-A90A-4EA3-8B70-E0838191FACC}.Release|Any CPU.ActiveCfg = Release|Any CPU
		{7F6A3911-A90A-4EA3-8B70-E0838191FACC}.Release|Any CPU.Build.0 = Release|Any CPU
		{7F6A3911-A90A-4EA3-8B70-E0838191FACC}.Release|Any CPU.Deploy.0 = Release|Any CPU
		{E3CE7D00-B9A8-4D84-8887-DDA47FA72B47}.Debug|Any CPU.ActiveCfg = Debug|Any CPU
		{E3CE7D00-B9A8-4D84-8887-DDA47FA72B47}.Debug|Any CPU.Build.0 = Debug|Any CPU
		{E3CE7D00-B9A8-4D84-8887-DDA47FA72B47}.Nuget|Any CPU.ActiveCfg = Release|Any CPU
		{E3CE7D00-B9A8-4D84-8887-DDA47FA72B47}.Release|Any CPU.ActiveCfg = Release|Any CPU
		{E3CE7D00-B9A8-4D84-8887-DDA47FA72B47}.Release|Any CPU.Build.0 = Release|Any CPU
		{19E44B3A-DC79-4901-898E-740D65F59200}.Debug|Any CPU.ActiveCfg = Debug|Any CPU
		{19E44B3A-DC79-4901-898E-740D65F59200}.Debug|Any CPU.Build.0 = Debug|Any CPU
		{19E44B3A-DC79-4901-898E-740D65F59200}.Nuget|Any CPU.ActiveCfg = Release|Any CPU
		{19E44B3A-DC79-4901-898E-740D65F59200}.Release|Any CPU.ActiveCfg = Release|Any CPU
		{19E44B3A-DC79-4901-898E-740D65F59200}.Release|Any CPU.Build.0 = Release|Any CPU
		{CF2D1C04-78BD-406F-9BB7-70ED8D6216CB}.Debug|Any CPU.ActiveCfg = Debug|Any CPU
		{CF2D1C04-78BD-406F-9BB7-70ED8D6216CB}.Debug|Any CPU.Build.0 = Debug|Any CPU
		{CF2D1C04-78BD-406F-9BB7-70ED8D6216CB}.Nuget|Any CPU.ActiveCfg = Release|Any CPU
		{CF2D1C04-78BD-406F-9BB7-70ED8D6216CB}.Release|Any CPU.ActiveCfg = Release|Any CPU
		{CF2D1C04-78BD-406F-9BB7-70ED8D6216CB}.Release|Any CPU.Build.0 = Release|Any CPU
	EndGlobalSection
	GlobalSection(SolutionProperties) = preSolution
		HideSolutionNode = FALSE
	EndGlobalSection
	GlobalSection(NestedProjects) = preSolution
		{DE1CE708-C0BC-4849-B7C7-A6AEFC7096BA} = {FCEB713C-B3A8-40B7-8265-9DE8E4E2ADDE}
	EndGlobalSection
	GlobalSection(ExtensibilityGlobals) = postSolution
		SolutionGuid = {152625A8-2D37-455D-B3A6-DB03D605D21C}
	EndGlobalSection
EndGlobal
