
Microsoft Visual Studio Solution File, Format Version 12.00
# Visual Studio Version 17
VisualStudioVersion = 17.0.31912.275
MinimumVisualStudioVersion = 10.0.40219.1
Project("{2150E333-8FDC-42A3-9474-1A3956D46DE8}") = "SolutionItems", "SolutionItems", "{FCEB713C-B3A8-40B7-8265-9DE8E4E2ADDE}"
	ProjectSection(SolutionItems) = preProject
		BuildPackages.ps1 = BuildPackages.ps1
		Directory.Build.props = Directory.Build.props
		Licence.txt = Licence.txt
		LogMessages.xsd = LogMessages.xsd
		PeachtreeBus.Abstractions.nuspec = PeachtreeBus.Abstractions.nuspec
		PeachtreeBus.Core.nuspec = PeachtreeBus.Core.nuspec
		PeachtreeBus.EntityFrameworkCore.nuspec = PeachtreeBus.EntityFrameworkCore.nuspec
		PeachtreeBus.MessageInterfaces.nuspec = PeachtreeBus.MessageInterfaces.nuspec
		PeachtreeBus.SimpleInjector.nuspec = PeachtreeBus.SimpleInjector.nuspec
		README.md = README.md
		WhatsOld.md = WhatsOld.md
	EndProjectSection
EndProject
Project("{00D1A9C2-B5F0-4AF3-8072-F6C62B433612}") = "PeachtreeBus.Database", "PeachtreeBus.Database\PeachtreeBus.Database.sqlproj", "{F702DCFC-9C33-425E-AE7D-84F340A75EC8}"
EndProject
Project("{9A19103F-16F7-4668-BE54-9A1E7A4F7556}") = "PeachtreeBus.Example", "PeachtreeBus.Example\PeachtreeBus.Example.csproj", "{9D70D32B-B56E-42C9-A8B5-A92A783429F3}"
EndProject
Project("{9A19103F-16F7-4668-BE54-9A1E7A4F7556}") = "PeachtreeBus.Core", "PeachtreeBus.Core\PeachtreeBus.Core.csproj", "{E325B56C-E129-4357-9EFC-3A432D73D041}"
EndProject
Project("{9A19103F-16F7-4668-BE54-9A1E7A4F7556}") = "PeachtreeBus.DatabaseSharing", "PeachtreeBus.DatabaseSharing\PeachtreeBus.DatabaseSharing.csproj", "{436FF017-8591-40FE-9FFE-9234C37772C2}"
EndProject
Project("{9A19103F-16F7-4668-BE54-9A1E7A4F7556}") = "PeachtreeBus.SimpleInjector", "PeachtreeBus.SimpleInjector\PeachtreeBus.SimpleInjector.csproj", "{E229642E-90EA-4296-A586-0B25A08DCCC0}"
EndProject
Project("{00D1A9C2-B5F0-4AF3-8072-F6C62B433612}") = "PeachtreeBus.Example.Database", "PeachtreeBus.Example.Database\PeachtreeBus.Example.Database.sqlproj", "{7F6A3911-A90A-4EA3-8B70-E0838191FACC}"
EndProject
Project("{9A19103F-16F7-4668-BE54-9A1E7A4F7556}") = "PeachtreeBus.Core.Tests", "PeachtreeBus.Core.Tests\PeachtreeBus.Core.Tests.csproj", "{E3CE7D00-B9A8-4D84-8887-DDA47FA72B47}"
EndProject
Project("{9A19103F-16F7-4668-BE54-9A1E7A4F7556}") = "PeachtreeBus.DataAccessTests", "PeachtreeBus.DataAccessTests\PeachtreeBus.DataAccessTests.csproj", "{19E44B3A-DC79-4901-898E-740D65F59200}"
EndProject
Project("{2150E333-8FDC-42A3-9474-1A3956D46DE8}") = "Docs", "Docs", "{DE1CE708-C0BC-4849-B7C7-A6AEFC7096BA}"
	ProjectSection(SolutionItems) = preProject
		Docs\README.md = Docs\README.md
	EndProjectSection
EndProject
Project("{9A19103F-16F7-4668-BE54-9A1E7A4F7556}") = "PeachtreeBus.DatabaseSharing.Tests", "PeachtreeBus.DatabaseSharing.Tests\PeachtreeBus.DatabaseSharing.Tests.csproj", "{CF2D1C04-78BD-406F-9BB7-70ED8D6216CB}"
EndProject
Project("{9A19103F-16F7-4668-BE54-9A1E7A4F7556}") = "PeachtreeBus.EntityFrameworkCore", "PeachtreeBus.EntityFrameworkCore\PeachtreeBus.EntityFrameworkCore.csproj", "{397A2FE8-C559-4F0C-AE4F-E3BE6275096D}"
EndProject
Project("{9A19103F-16F7-4668-BE54-9A1E7A4F7556}") = "PeachtreeBus.EntityFrameworkCore.Tests", "PeachtreeBus.EntityFrameworkCore.Tests\PeachtreeBus.EntityFrameworkCore.Tests.csproj", "{615F0707-09BC-48DF-BD16-93D6C6BB39B8}"
EndProject
Project("{9A19103F-16F7-4668-BE54-9A1E7A4F7556}") = "PeachtreeBus.SimpleInjector.Tests", "PeachtreeBus.SimpleInjector.Tests\PeachtreeBus.SimpleInjector.Tests.csproj", "{517FE365-48D1-42E7-9B89-E301F80054C1}"
EndProject
Project("{9A19103F-16F7-4668-BE54-9A1E7A4F7556}") = "PeachtreeBus.Abstractions", "PeachtreeBus.Abstractions\PeachtreeBus.Abstractions.csproj", "{B58BB001-7941-4FD1-B241-9A4FBC4C2F69}"
EndProject
Project("{9A19103F-16F7-4668-BE54-9A1E7A4F7556}") = "PeachtreeBus.Abstractions.Tests", "PeachtreeBus.Abstractions.Tests\PeachtreeBus.Abstractions.Tests.csproj", "{D92741EF-1F88-4F0A-94AB-D1838B2B2ECF}"
EndProject
Project("{FAE04EC0-301F-11D3-BF4B-00C04F79EFBC}") = "PeachtreeBus.Example.AppHost", "PeachtreeBus.Example.AppHost\PeachtreeBus.Example.AppHost.csproj", "{CFEADBF6-CCDD-41D6-9593-70CC0E68310B}"
EndProject
Project("{FAE04EC0-301F-11D3-BF4B-00C04F79EFBC}") = "PeachtreeBus.MessageInterfaces", "PeachtreeBus.MessageInterfaces\PeachtreeBus.MessageInterfaces.csproj", "{D694D0E6-028A-4582-B7CE-B2E0F45BB646}"
EndProject
Global
	GlobalSection(SolutionConfigurationPlatforms) = preSolution
		Debug|Any CPU = Debug|Any CPU
		Nuget|Any CPU = Nuget|Any CPU
		Release|Any CPU = Release|Any CPU
	EndGlobalSection
	GlobalSection(ProjectConfigurationPlatforms) = postSolution
		{F702DCFC-9C33-425E-AE7D-84F340A75EC8}.Debug|Any CPU.ActiveCfg = Debug|Any CPU
		{F702DCFC-9C33-425E-AE7D-84F340A75EC8}.Debug|Any CPU.Build.0 = Debug|Any CPU
		{F702DCFC-9C33-425E-AE7D-84F340A75EC8}.Debug|Any CPU.Deploy.0 = Debug|Any CPU
		{F702DCFC-9C33-425E-AE7D-84F340A75EC8}.Nuget|Any CPU.ActiveCfg = Release|Any CPU
		{F702DCFC-9C33-425E-AE7D-84F340A75EC8}.Nuget|Any CPU.Deploy.0 = Release|Any CPU
		{F702DCFC-9C33-425E-AE7D-84F340A75EC8}.Release|Any CPU.ActiveCfg = Release|Any CPU
		{F702DCFC-9C33-425E-AE7D-84F340A75EC8}.Release|Any CPU.Build.0 = Release|Any CPU
		{F702DCFC-9C33-425E-AE7D-84F340A75EC8}.Release|Any CPU.Deploy.0 = Release|Any CPU
		{9D70D32B-B56E-42C9-A8B5-A92A783429F3}.Debug|Any CPU.ActiveCfg = Debug|Any CPU
		{9D70D32B-B56E-42C9-A8B5-A92A783429F3}.Debug|Any CPU.Build.0 = Debug|Any CPU
		{9D70D32B-B56E-42C9-A8B5-A92A783429F3}.Nuget|Any CPU.ActiveCfg = Release|Any CPU
		{9D70D32B-B56E-42C9-A8B5-A92A783429F3}.Release|Any CPU.ActiveCfg = Release|Any CPU
		{9D70D32B-B56E-42C9-A8B5-A92A783429F3}.Release|Any CPU.Build.0 = Release|Any CPU
		{E325B56C-E129-4357-9EFC-3A432D73D041}.Debug|Any CPU.ActiveCfg = Debug|Any CPU
		{E325B56C-E129-4357-9EFC-3A432D73D041}.Debug|Any CPU.Build.0 = Debug|Any CPU
		{E325B56C-E129-4357-9EFC-3A432D73D041}.Nuget|Any CPU.ActiveCfg = Release|Any CPU
		{E325B56C-E129-4357-9EFC-3A432D73D041}.Nuget|Any CPU.Build.0 = Release|Any CPU
		{E325B56C-E129-4357-9EFC-3A432D73D041}.Release|Any CPU.ActiveCfg = Release|Any CPU
		{E325B56C-E129-4357-9EFC-3A432D73D041}.Release|Any CPU.Build.0 = Release|Any CPU
		{436FF017-8591-40FE-9FFE-9234C37772C2}.Debug|Any CPU.ActiveCfg = Debug|Any CPU
		{436FF017-8591-40FE-9FFE-9234C37772C2}.Debug|Any CPU.Build.0 = Debug|Any CPU
		{436FF017-8591-40FE-9FFE-9234C37772C2}.Nuget|Any CPU.ActiveCfg = Release|Any CPU
		{436FF017-8591-40FE-9FFE-9234C37772C2}.Nuget|Any CPU.Build.0 = Release|Any CPU
		{436FF017-8591-40FE-9FFE-9234C37772C2}.Release|Any CPU.ActiveCfg = Release|Any CPU
		{436FF017-8591-40FE-9FFE-9234C37772C2}.Release|Any CPU.Build.0 = Release|Any CPU
		{E229642E-90EA-4296-A586-0B25A08DCCC0}.Debug|Any CPU.ActiveCfg = Debug|Any CPU
		{E229642E-90EA-4296-A586-0B25A08DCCC0}.Debug|Any CPU.Build.0 = Debug|Any CPU
		{E229642E-90EA-4296-A586-0B25A08DCCC0}.Nuget|Any CPU.ActiveCfg = Release|Any CPU
		{E229642E-90EA-4296-A586-0B25A08DCCC0}.Nuget|Any CPU.Build.0 = Release|Any CPU
		{E229642E-90EA-4296-A586-0B25A08DCCC0}.Release|Any CPU.ActiveCfg = Release|Any CPU
		{E229642E-90EA-4296-A586-0B25A08DCCC0}.Release|Any CPU.Build.0 = Release|Any CPU
		{7F6A3911-A90A-4EA3-8B70-E0838191FACC}.Debug|Any CPU.ActiveCfg = Debug|Any CPU
		{7F6A3911-A90A-4EA3-8B70-E0838191FACC}.Debug|Any CPU.Build.0 = Debug|Any CPU
		{7F6A3911-A90A-4EA3-8B70-E0838191FACC}.Debug|Any CPU.Deploy.0 = Debug|Any CPU
		{7F6A3911-A90A-4EA3-8B70-E0838191FACC}.Nuget|Any CPU.ActiveCfg = Release|Any CPU
		{7F6A3911-A90A-4EA3-8B70-E0838191FACC}.Nuget|Any CPU.Deploy.0 = Release|Any CPU
		{7F6A3911-A90A-4EA3-8B70-E0838191FACC}.Release|Any CPU.ActiveCfg = Release|Any CPU
		{7F6A3911-A90A-4EA3-8B70-E0838191FACC}.Release|Any CPU.Build.0 = Release|Any CPU
		{7F6A3911-A90A-4EA3-8B70-E0838191FACC}.Release|Any CPU.Deploy.0 = Release|Any CPU
		{E3CE7D00-B9A8-4D84-8887-DDA47FA72B47}.Debug|Any CPU.ActiveCfg = Debug|Any CPU
		{E3CE7D00-B9A8-4D84-8887-DDA47FA72B47}.Debug|Any CPU.Build.0 = Debug|Any CPU
		{E3CE7D00-B9A8-4D84-8887-DDA47FA72B47}.Nuget|Any CPU.ActiveCfg = Release|Any CPU
		{E3CE7D00-B9A8-4D84-8887-DDA47FA72B47}.Release|Any CPU.ActiveCfg = Release|Any CPU
		{E3CE7D00-B9A8-4D84-8887-DDA47FA72B47}.Release|Any CPU.Build.0 = Release|Any CPU
		{19E44B3A-DC79-4901-898E-740D65F59200}.Debug|Any CPU.ActiveCfg = Debug|Any CPU
		{19E44B3A-DC79-4901-898E-740D65F59200}.Debug|Any CPU.Build.0 = Debug|Any CPU
		{19E44B3A-DC79-4901-898E-740D65F59200}.Nuget|Any CPU.ActiveCfg = Release|Any CPU
		{19E44B3A-DC79-4901-898E-740D65F59200}.Release|Any CPU.ActiveCfg = Release|Any CPU
		{19E44B3A-DC79-4901-898E-740D65F59200}.Release|Any CPU.Build.0 = Release|Any CPU
		{CF2D1C04-78BD-406F-9BB7-70ED8D6216CB}.Debug|Any CPU.ActiveCfg = Debug|Any CPU
		{CF2D1C04-78BD-406F-9BB7-70ED8D6216CB}.Debug|Any CPU.Build.0 = Debug|Any CPU
		{CF2D1C04-78BD-406F-9BB7-70ED8D6216CB}.Nuget|Any CPU.ActiveCfg = Release|Any CPU
		{CF2D1C04-78BD-406F-9BB7-70ED8D6216CB}.Release|Any CPU.ActiveCfg = Release|Any CPU
		{CF2D1C04-78BD-406F-9BB7-70ED8D6216CB}.Release|Any CPU.Build.0 = Release|Any CPU
		{397A2FE8-C559-4F0C-AE4F-E3BE6275096D}.Debug|Any CPU.ActiveCfg = Debug|Any CPU
		{397A2FE8-C559-4F0C-AE4F-E3BE6275096D}.Debug|Any CPU.Build.0 = Debug|Any CPU
		{397A2FE8-C559-4F0C-AE4F-E3BE6275096D}.Nuget|Any CPU.ActiveCfg = Release|Any CPU
		{397A2FE8-C559-4F0C-AE4F-E3BE6275096D}.Nuget|Any CPU.Build.0 = Release|Any CPU
		{397A2FE8-C559-4F0C-AE4F-E3BE6275096D}.Release|Any CPU.ActiveCfg = Release|Any CPU
		{397A2FE8-C559-4F0C-AE4F-E3BE6275096D}.Release|Any CPU.Build.0 = Release|Any CPU
		{615F0707-09BC-48DF-BD16-93D6C6BB39B8}.Debug|Any CPU.ActiveCfg = Debug|Any CPU
		{615F0707-09BC-48DF-BD16-93D6C6BB39B8}.Debug|Any CPU.Build.0 = Debug|Any CPU
		{615F0707-09BC-48DF-BD16-93D6C6BB39B8}.Nuget|Any CPU.ActiveCfg = Release|Any CPU
		{615F0707-09BC-48DF-BD16-93D6C6BB39B8}.Nuget|Any CPU.Build.0 = Release|Any CPU
		{615F0707-09BC-48DF-BD16-93D6C6BB39B8}.Release|Any CPU.ActiveCfg = Release|Any CPU
		{615F0707-09BC-48DF-BD16-93D6C6BB39B8}.Release|Any CPU.Build.0 = Release|Any CPU
		{517FE365-48D1-42E7-9B89-E301F80054C1}.Debug|Any CPU.ActiveCfg = Debug|Any CPU
		{517FE365-48D1-42E7-9B89-E301F80054C1}.Debug|Any CPU.Build.0 = Debug|Any CPU
		{517FE365-48D1-42E7-9B89-E301F80054C1}.Nuget|Any CPU.ActiveCfg = Release|Any CPU
		{517FE365-48D1-42E7-9B89-E301F80054C1}.Release|Any CPU.ActiveCfg = Release|Any CPU
		{517FE365-48D1-42E7-9B89-E301F80054C1}.Release|Any CPU.Build.0 = Release|Any CPU
		{B58BB001-7941-4FD1-B241-9A4FBC4C2F69}.Debug|Any CPU.ActiveCfg = Debug|Any CPU
		{B58BB001-7941-4FD1-B241-9A4FBC4C2F69}.Debug|Any CPU.Build.0 = Debug|Any CPU
		{B58BB001-7941-4FD1-B241-9A4FBC4C2F69}.Nuget|Any CPU.ActiveCfg = Release|Any CPU
		{B58BB001-7941-4FD1-B241-9A4FBC4C2F69}.Nuget|Any CPU.Build.0 = Release|Any CPU
		{B58BB001-7941-4FD1-B241-9A4FBC4C2F69}.Release|Any CPU.ActiveCfg = Release|Any CPU
		{B58BB001-7941-4FD1-B241-9A4FBC4C2F69}.Release|Any CPU.Build.0 = Release|Any CPU
		{D92741EF-1F88-4F0A-94AB-D1838B2B2ECF}.Debug|Any CPU.ActiveCfg = Debug|Any CPU
		{D92741EF-1F88-4F0A-94AB-D1838B2B2ECF}.Debug|Any CPU.Build.0 = Debug|Any CPU
		{D92741EF-1F88-4F0A-94AB-D1838B2B2ECF}.Nuget|Any CPU.ActiveCfg = Release|Any CPU
		{D92741EF-1F88-4F0A-94AB-D1838B2B2ECF}.Release|Any CPU.ActiveCfg = Release|Any CPU
		{D92741EF-1F88-4F0A-94AB-D1838B2B2ECF}.Release|Any CPU.Build.0 = Release|Any CPU
		{CFEADBF6-CCDD-41D6-9593-70CC0E68310B}.Debug|Any CPU.ActiveCfg = Debug|Any CPU
		{CFEADBF6-CCDD-41D6-9593-70CC0E68310B}.Debug|Any CPU.Build.0 = Debug|Any CPU
		{CFEADBF6-CCDD-41D6-9593-70CC0E68310B}.Nuget|Any CPU.ActiveCfg = Release|Any CPU
		{CFEADBF6-CCDD-41D6-9593-70CC0E68310B}.Release|Any CPU.ActiveCfg = Release|Any CPU
		{CFEADBF6-CCDD-41D6-9593-70CC0E68310B}.Release|Any CPU.Build.0 = Release|Any CPU
		{D694D0E6-028A-4582-B7CE-B2E0F45BB646}.Debug|Any CPU.ActiveCfg = Debug|Any CPU
		{D694D0E6-028A-4582-B7CE-B2E0F45BB646}.Debug|Any CPU.Build.0 = Debug|Any CPU
		{D694D0E6-028A-4582-B7CE-B2E0F45BB646}.Nuget|Any CPU.ActiveCfg = Release|Any CPU
		{D694D0E6-028A-4582-B7CE-B2E0F45BB646}.Nuget|Any CPU.Build.0 = Release|Any CPU
		{D694D0E6-028A-4582-B7CE-B2E0F45BB646}.Release|Any CPU.ActiveCfg = Release|Any CPU
		{D694D0E6-028A-4582-B7CE-B2E0F45BB646}.Release|Any CPU.Build.0 = Release|Any CPU
	EndGlobalSection
	GlobalSection(SolutionProperties) = preSolution
		HideSolutionNode = FALSE
	EndGlobalSection
	GlobalSection(NestedProjects) = preSolution
		{DE1CE708-C0BC-4849-B7C7-A6AEFC7096BA} = {FCEB713C-B3A8-40B7-8265-9DE8E4E2ADDE}
	EndGlobalSection
	GlobalSection(ExtensibilityGlobals) = postSolution
		SolutionGuid = {152625A8-2D37-455D-B3A6-DB03D605D21C}
	EndGlobalSection
EndGlobal
